
Microsoft Visual Studio Solution File, Format Version 12.00
# Visual Studio Version 17
VisualStudioVersion = 17.5.33424.131
MinimumVisualStudioVersion = 10.0.40219.1
Project("{2150E333-8FDC-42A3-9474-1A3956D46DE8}") = "Services", "Services", "{A10E047E-D30E-4C83-ADA9-E1C88D0F889D}"
EndProject
Project("{2150E333-8FDC-42A3-9474-1A3956D46DE8}") = "Catalog", "Catalog", "{2BDAF781-5A22-4273-BBF2-511FC7FEC8B1}"
EndProject
Project("{9A19103F-16F7-4668-BE54-9A1E7A4F7556}") = "Catalog.API", "services\Catalog\Catalog.API\Catalog.API.csproj", "{8E581948-FCF4-4308-88C6-51AADA0C9A47}"
EndProject
Project("{E53339B2-1760-4266-BCC7-CA923CBCF16C}") = "docker-compose", "docker-compose.dcproj", "{6B2F1844-E376-4033-9456-43A5C007EE23}"
EndProject
Global
	GlobalSection(SolutionConfigurationPlatforms) = preSolution
		Debug|Any CPU = Debug|Any CPU
		Release|Any CPU = Release|Any CPU
	EndGlobalSection
	GlobalSection(ProjectConfigurationPlatforms) = postSolution
		{8E581948-FCF4-4308-88C6-51AADA0C9A47}.Debug|Any CPU.ActiveCfg = Debug|Any CPU
		{8E581948-FCF4-4308-88C6-51AADA0C9A47}.Debug|Any CPU.Build.0 = Debug|Any CPU
		{8E581948-FCF4-4308-88C6-51AADA0C9A47}.Release|Any CPU.ActiveCfg = Release|Any CPU
		{8E581948-FCF4-4308-88C6-51AADA0C9A47}.Release|Any CPU.Build.0 = Release|Any CPU
		{6B2F1844-E376-4033-9456-43A5C007EE23}.Debug|Any CPU.ActiveCfg = Debug|Any CPU
		{6B2F1844-E376-4033-9456-43A5C007EE23}.Debug|Any CPU.Build.0 = Debug|Any CPU
		{6B2F1844-E376-4033-9456-43A5C007EE23}.Release|Any CPU.ActiveCfg = Release|Any CPU
		{6B2F1844-E376-4033-9456-43A5C007EE23}.Release|Any CPU.Build.0 = Release|Any CPU
	EndGlobalSection
	GlobalSection(SolutionProperties) = preSolution
		HideSolutionNode = FALSE
	EndGlobalSection
	GlobalSection(NestedProjects) = preSolution
		{2BDAF781-5A22-4273-BBF2-511FC7FEC8B1} = {A10E047E-D30E-4C83-ADA9-E1C88D0F889D}
		{8E581948-FCF4-4308-88C6-51AADA0C9A47} = {2BDAF781-5A22-4273-BBF2-511FC7FEC8B1}
	EndGlobalSection
	GlobalSection(ExtensibilityGlobals) = postSolution
		SolutionGuid = {320054B2-1299-49B4-87B8-4C786ADDC2E8}
	EndGlobalSection
EndGlobal
